
Microsoft Visual Studio Solution File, Format Version 12.00
# Visual Studio Version 17
VisualStudioVersion = 17.5.33530.505
MinimumVisualStudioVersion = 10.0.40219.1
Project("{2150E333-8FDC-42A3-9474-1A3956D46DE8}") = "TransactionUpdate", "TransactionUpdate", "{799B224B-916F-4343-B4B6-4709DD4902D9}"
EndProject
Project("{FAE04EC0-301F-11D3-BF4B-00C04F79EFBC}") = "TransactionUpdateAPI", "TransactionUpdateAPI\TransactionUpdateAPI.csproj", "{F7B381AF-E1CB-450B-BC2F-2B66F3B2349A}"
EndProject
Project("{FAE04EC0-301F-11D3-BF4B-00C04F79EFBC}") = "UpdateTransaction.Core", "UpdateTransaction.Core\UpdateTransaction.Core.csproj", "{7F83891C-CC72-41BA-9C63-89704D609F8A}"
EndProject
Global
	GlobalSection(SolutionConfigurationPlatforms) = preSolution
		Debug|Any CPU = Debug|Any CPU
		Release|Any CPU = Release|Any CPU
	EndGlobalSection
	GlobalSection(ProjectConfigurationPlatforms) = postSolution
		{F7B381AF-E1CB-450B-BC2F-2B66F3B2349A}.Debug|Any CPU.ActiveCfg = Debug|Any CPU
		{F7B381AF-E1CB-450B-BC2F-2B66F3B2349A}.Debug|Any CPU.Build.0 = Debug|Any CPU
		{F7B381AF-E1CB-450B-BC2F-2B66F3B2349A}.Release|Any CPU.ActiveCfg = Release|Any CPU
		{F7B381AF-E1CB-450B-BC2F-2B66F3B2349A}.Release|Any CPU.Build.0 = Release|Any CPU
		{7F83891C-CC72-41BA-9C63-89704D609F8A}.Debug|Any CPU.ActiveCfg = Debug|Any CPU
		{7F83891C-CC72-41BA-9C63-89704D609F8A}.Debug|Any CPU.Build.0 = Debug|Any CPU
		{7F83891C-CC72-41BA-9C63-89704D609F8A}.Release|Any CPU.ActiveCfg = Release|Any CPU
		{7F83891C-CC72-41BA-9C63-89704D609F8A}.Release|Any CPU.Build.0 = Release|Any CPU
	EndGlobalSection
	GlobalSection(SolutionProperties) = preSolution
		HideSolutionNode = FALSE
	EndGlobalSection
	GlobalSection(NestedProjects) = preSolution
		{F7B381AF-E1CB-450B-BC2F-2B66F3B2349A} = {799B224B-916F-4343-B4B6-4709DD4902D9}
		{7F83891C-CC72-41BA-9C63-89704D609F8A} = {799B224B-916F-4343-B4B6-4709DD4902D9}
	EndGlobalSection
	GlobalSection(ExtensibilityGlobals) = postSolution
		SolutionGuid = {707E107D-EB6A-47B2-B1C2-05D048954B22}
	EndGlobalSection
EndGlobal
